<?xml version="1.0" encoding="utf-8"?>
<Project ToolsVersion="4.0" xmlns="http://schemas.microsoft.com/developer/msbuild/2003">
  <ItemGroup>
    <Filter Include="Arquivos de Origem">
      <UniqueIdentifier>{4FC737F1-C7A5-4376-A066-2A32D752A2FF}</UniqueIdentifier>
      <Extensions>cpp;c;cc;cxx;c++;cppm;ixx;def;odl;idl;hpj;bat;asm;asmx</Extensions>
    </Filter>
    <Filter Include="Arquivos de Cabeçalho">
      <UniqueIdentifier>{93995380-89BD-4b04-88EB-625FBE52EBFB}</UniqueIdentifier>
      <Extensions>h;hh;hpp;hxx;h++;hm;inl;inc;ipp;xsd</Extensions>
    </Filter>
    <Filter Include="Arquivos de Recurso">
      <UniqueIdentifier>{67DA6AB6-F800-4c08-8B7A-83BB121AAD01}</UniqueIdentifier>
      <Extensions>rc;ico;cur;bmp;dlg;rc2;rct;bin;rgs;gif;jpg;jpeg;jpe;resx;tiff;tif;png;wav;mfcribbon-ms</Extensions>
    </Filter>
    <Filter Include="Arquivos de Origem\Setup">
      <UniqueIdentifier>{c6908358-4c41-45a3-98ed-faa0b2b40e6e}</UniqueIdentifier>
    </Filter>
  </ItemGroup>
  <ItemGroup>
    <ClCompile Include="glad.c">
      <Filter>Arquivos de Origem</Filter>
    </ClCompile>
    <ClCompile Include="Main.cpp">
      <Filter>Arquivos de Origem</Filter>
    </ClCompile>
    <ClCompile Include="stb.cpp">
      <Filter>Arquivos de Origem</Filter>
    </ClCompile>
    <ClCompile Include="Graphics\Shader.cpp">
      <Filter>Arquivos de Origem</Filter>
    </ClCompile>
    <ClCompile Include="Graphics\SkyboxRenderer.cpp">
      <Filter>Arquivos de Origem</Filter>
    </ClCompile>
    <ClCompile Include="Core\Application.cpp">
      <Filter>Arquivos de Origem</Filter>
    </ClCompile>
    <ClCompile Include="Scene\SceneECS.cpp">
      <Filter>Arquivos de Origem</Filter>
    </ClCompile>
    <ClCompile Include="Graphics\Renderer.cpp">
      <Filter>Arquivos de Origem</Filter>
    </ClCompile>
    <ClCompile Include="Core\Time.cpp">
      <Filter>Arquivos de Origem</Filter>
    </ClCompile>
    <ClCompile Include="Core\Logger.cpp">
      <Filter>Arquivos de Origem</Filter>
    </ClCompile>
    <ClCompile Include="Core\EngineContext.cpp">
      <Filter>Arquivos de Origem</Filter>
    </ClCompile>
    <ClCompile Include="Core\InputSystem.cpp">
      <Filter>Arquivos de Origem</Filter>
    </ClCompile>
    <ClCompile Include="Graphics\Texture.cpp">
      <Filter>Arquivos de Origem</Filter>
    </ClCompile>
    <ClCompile Include="Graphics\Framebuffer.cpp">
      <Filter>Arquivos de Origem</Filter>
    </ClCompile>
    <ClCompile Include="ECS\Systems\PostProcessSystem.cpp">
      <Filter>Arquivos de Origem</Filter>
    </ClCompile>
    <ClCompile Include="ImGui\imgui.cpp">
      <Filter>Arquivos de Origem</Filter>
    </ClCompile>
    <ClCompile Include="ImGui\imgui_demo.cpp">
      <Filter>Arquivos de Origem</Filter>
    </ClCompile>
    <ClCompile Include="ImGui\imgui_draw.cpp">
      <Filter>Arquivos de Origem</Filter>
    </ClCompile>
    <ClCompile Include="ImGui\imgui_impl_glfw.cpp">
      <Filter>Arquivos de Origem</Filter>
    </ClCompile>
    <ClCompile Include="ImGui\imgui_impl_opengl3.cpp">
      <Filter>Arquivos de Origem</Filter>
    </ClCompile>
    <ClCompile Include="ImGui\imgui_tables.cpp">
      <Filter>Arquivos de Origem</Filter>
    </ClCompile>
    <ClCompile Include="ImGui\imgui_widgets.cpp">
      <Filter>Arquivos de Origem</Filter>
    </ClCompile>
    <ClCompile Include="Editor\Panels\SceneViewPanel.h">
      <Filter>Arquivos de Origem</Filter>
    </ClCompile>
    <ClCompile Include="Editor\Panels\HierarchyPanel.h">
      <Filter>Arquivos de Origem</Filter>
    </ClCompile>
    <ClCompile Include="Editor\Panels\FileExplorerPanel.h">
      <Filter>Arquivos de Origem</Filter>
    </ClCompile>
    <ClCompile Include="Editor\Panels\InspectorPanel.h">
      <Filter>Arquivos de Origem</Filter>
    </ClCompile>
    <ClCompile Include="Editor\EditorApp.cpp">
      <Filter>Arquivos de Origem</Filter>
    </ClCompile>
    <ClCompile Include="Editor\ImGuiLayer.cpp">
      <Filter>Arquivos de Origem</Filter>
    </ClCompile>
    <ClCompile Include="ImGui\GraphEditor.cpp">
      <Filter>Arquivos de Origem</Filter>
    </ClCompile>
    <ClCompile Include="ImGui\ImCurveEdit.cpp">
      <Filter>Arquivos de Origem</Filter>
    </ClCompile>
    <ClCompile Include="ImGui\ImGradient.cpp">
      <Filter>Arquivos de Origem</Filter>
    </ClCompile>
    <ClCompile Include="ImGui\ImGuizmo.cpp">
      <Filter>Arquivos de Origem</Filter>
    </ClCompile>
    <ClCompile Include="ImGui\ImSequencer.cpp">
      <Filter>Arquivos de Origem</Filter>
    </ClCompile>
    <ClCompile Include="Game\GameMain.cpp">
      <Filter>Arquivos de Origem</Filter>
    </ClCompile>
    <ClCompile Include="EditorUI.cpp">
      <Filter>Arquivos de Origem</Filter>
    </ClCompile>
    <ClCompile Include="Editor\EditorMain.cpp">
      <Filter>Arquivos de Origem</Filter>
    </ClCompile>
    <ClCompile Include="Editor\Panels\IPanelHelper.h">
      <Filter>Arquivos de Origem</Filter>
    </ClCompile>
    <ClCompile Include="ECS\Systems\LightSystem.cpp">
      <Filter>Arquivos de Origem</Filter>
    </ClCompile>
    <ClCompile Include="Resources\Primitive.cpp">
      <Filter>Arquivos de Origem</Filter>
    </ClCompile>
    <ClCompile Include="Graphics\Renderer\PipelineBlinnPhong\BlinnPhongRenderer.cpp">
      <Filter>Arquivos de Origem</Filter>
    </ClCompile>
    <ClCompile Include="Graphics\Renderer\PipelinePBR\PBRRenderer.cpp">
      <Filter>Arquivos de Origem</Filter>
    </ClCompile>
    <ClCompile Include="Scene\SceneBuilder.h">
      <Filter>Arquivos de Origem</Filter>
    </ClCompile>
    <ClCompile Include="Graphics\Renderer\PipelineBlinnPhong\DeferredPipeline.cpp">
      <Filter>Arquivos de Origem</Filter>
    </ClCompile>
    <ClCompile Include="Graphics\Renderer\PipelineBlinnPhong\ForwardPipeline.cpp">
      <Filter>Arquivos de Origem</Filter>
    </ClCompile>
    <ClCompile Include="Graphics\Renderer\PipelineBlinnPhong\LightingPipeline.cpp">
      <Filter>Arquivos de Origem</Filter>
    </ClCompile>
    <ClCompile Include="Graphics\Renderer\PipelinePBR\IBLManager.cpp">
      <Filter>Arquivos de Origem</Filter>
    </ClCompile>
    <ClCompile Include="Graphics\ShaderPreprocessor.h">
      <Filter>Arquivos de Origem</Filter>
    </ClCompile>
  </ItemGroup>
  <ItemGroup>
    <ClInclude Include="Scene\Camera.h">
      <Filter>Arquivos de Origem</Filter>
    </ClInclude>
    <ClInclude Include="Graphics\Shader.h">
      <Filter>Arquivos de Origem</Filter>
    </ClInclude>
    <ClInclude Include="Graphics\SkyboxRenderer.h">
      <Filter>Arquivos de Cabeçalho</Filter>
    </ClInclude>
    <ClInclude Include="Core\Application.h">
      <Filter>Arquivos de Cabeçalho</Filter>
    </ClInclude>
    <ClInclude Include="Scene\SceneECS.h">
      <Filter>Arquivos de Cabeçalho</Filter>
    </ClInclude>
    <ClInclude Include="Graphics\Renderer.h">
      <Filter>Arquivos de Cabeçalho</Filter>
    </ClInclude>
    <ClInclude Include="Core\Time.h">
      <Filter>Arquivos de Cabeçalho</Filter>
    </ClInclude>
    <ClInclude Include="Core\Logger.h">
      <Filter>Arquivos de Cabeçalho</Filter>
    </ClInclude>
    <ClInclude Include="Core\EngineContext.h">
      <Filter>Arquivos de Cabeçalho</Filter>
    </ClInclude>
    <ClInclude Include="Platform\Window.h">
      <Filter>Arquivos de Cabeçalho</Filter>
    </ClInclude>
    <ClInclude Include="Scene\Entity.h">
      <Filter>Arquivos de Cabeçalho</Filter>
    </ClInclude>
    <ClInclude Include="Core\InputSystem.h">
      <Filter>Arquivos de Cabeçalho</Filter>
    </ClInclude>
    <ClInclude Include="ECS\PhysicsSystem.h">
      <Filter>Arquivos de Cabeçalho</Filter>
    </ClInclude>
    <ClInclude Include="Graphics\Mesh.h">
      <Filter>Arquivos de Cabeçalho</Filter>
    </ClInclude>
    <ClInclude Include="Resources\Model.h">
      <Filter>Arquivos de Cabeçalho</Filter>
    </ClInclude>
    <ClInclude Include="ECS\System.h">
      <Filter>Arquivos de Cabeçalho</Filter>
    </ClInclude>
    <ClInclude Include="Graphics\Texture.h">
      <Filter>Arquivos de Cabeçalho</Filter>
    </ClInclude>
    <ClInclude Include="Graphics\RenderUtils.h">
      <Filter>Arquivos de Cabeçalho</Filter>
    </ClInclude>
    <ClInclude Include="ECS\Components\TransformComponent.h">
      <Filter>Arquivos de Cabeçalho</Filter>
    </ClInclude>
    <ClInclude Include="Scene\ComponentManager.h">
      <Filter>Arquivos de Cabeçalho</Filter>
    </ClInclude>
    <ClInclude Include="ECS\Systems\MoveSystem.h">
      <Filter>Arquivos de Cabeçalho</Filter>
    </ClInclude>
    <ClInclude Include="ECS\Components\Transform.h">
      <Filter>Arquivos de Cabeçalho</Filter>
    </ClInclude>
    <ClInclude Include="ECS\Components\Velocity.h">
      <Filter>Arquivos de Cabeçalho</Filter>
    </ClInclude>
    <ClInclude Include="ECS\Components\MeshRenderer.h">
      <Filter>Arquivos de Cabeçalho</Filter>
    </ClInclude>
    <ClInclude Include="ECS\Systems\RenderSystem.h">
      <Filter>Arquivos de Cabeçalho</Filter>
    </ClInclude>
    <ClInclude Include="ECS\Components\Material.h">
      <Filter>Arquivos de Cabeçalho</Filter>
    </ClInclude>
    <ClInclude Include="ECS\LightingUtils.h">
      <Filter>Arquivos de Cabeçalho</Filter>
    </ClInclude>
    <ClInclude Include="ECS\Components\CameraComponent.h">
      <Filter>Arquivos de Cabeçalho</Filter>
    </ClInclude>
    <ClInclude Include="ECS\Systems\CameraSystem.h">
      <Filter>Arquivos de Cabeçalho</Filter>
    </ClInclude>
    <ClInclude Include="Scene\SceneManager.h">
      <Filter>Arquivos de Cabeçalho</Filter>
    </ClInclude>
    <ClInclude Include="ECS\Systems\LightSystem.h">
      <Filter>Arquivos de Cabeçalho</Filter>
    </ClInclude>
    <ClInclude Include="ECS\Components\LightComponent.h">
      <Filter>Arquivos de Cabeçalho</Filter>
    </ClInclude>
    <ClInclude Include="ECS\Components\ComponentsHelper.h">
      <Filter>Arquivos de Cabeçalho</Filter>
    </ClInclude>
    <ClInclude Include="ECS\Systems\SystemHelper.h">
      <Filter>Arquivos de Cabeçalho</Filter>
    </ClInclude>
    <ClInclude Include="Core\Camera.h">
      <Filter>Arquivos de Cabeçalho</Filter>
    </ClInclude>
    <ClInclude Include="Core\Input.h">
      <Filter>Arquivos de Cabeçalho</Filter>
    </ClInclude>
    <ClInclude Include="Core\KeyCodes.h">
      <Filter>Arquivos de Cabeçalho</Filter>
    </ClInclude>
    <ClInclude Include="ECS\Components\PostProcessComponent.h">
      <Filter>Arquivos de Cabeçalho</Filter>
    </ClInclude>
    <ClInclude Include="Graphics\Framebuffer.h">
      <Filter>Arquivos de Cabeçalho</Filter>
    </ClInclude>
    <ClInclude Include="ECS\Systems\PostProcessSystem.h">
      <Filter>Arquivos de Cabeçalho</Filter>
    </ClInclude>
    <ClInclude Include="Graphics\FullscreenQuad.h">
      <Filter>Arquivos de Cabeçalho</Filter>
    </ClInclude>
    <ClInclude Include="ECS\Components\PostEffects\BlurEffectComponent.h">
      <Filter>Arquivos de Cabeçalho</Filter>
    </ClInclude>
    <ClInclude Include="ECS\Systems\GlobalUniformSystem.h">
      <Filter>Arquivos de Cabeçalho</Filter>
    </ClInclude>
    <ClInclude Include="ECS\Systems\ScriptSystem .h">
      <Filter>Arquivos de Cabeçalho</Filter>
    </ClInclude>
    <ClInclude Include="ECS\ScriptBehaviour.h">
      <Filter>Arquivos de Cabeçalho</Filter>
    </ClInclude>
    <ClInclude Include="ECS\Components\NativeScriptComponent.h">
      <Filter>Arquivos de Cabeçalho</Filter>
    </ClInclude>
    <ClInclude Include="ECS\PlayerCamera.h">
      <Filter>Arquivos de Cabeçalho</Filter>
    </ClInclude>
    <ClInclude Include="Editor\EditorApp.h">
      <Filter>Arquivos de Cabeçalho</Filter>
    </ClInclude>
    <ClInclude Include="Editor\ImGuiLayer.h">
      <Filter>Arquivos de Cabeçalho</Filter>
    </ClInclude>
    <ClInclude Include="ImGui\imconfig.h">
      <Filter>Arquivos de Cabeçalho</Filter>
    </ClInclude>
    <ClInclude Include="ImGui\imgui.h">
      <Filter>Arquivos de Cabeçalho</Filter>
    </ClInclude>
    <ClInclude Include="ImGui\imgui_impl_glfw.h">
      <Filter>Arquivos de Cabeçalho</Filter>
    </ClInclude>
    <ClInclude Include="ImGui\imgui_impl_opengl3.h">
      <Filter>Arquivos de Cabeçalho</Filter>
    </ClInclude>
    <ClInclude Include="ImGui\imgui_impl_opengl3_loader.h">
      <Filter>Arquivos de Cabeçalho</Filter>
    </ClInclude>
    <ClInclude Include="ImGui\imgui_internal.h">
      <Filter>Arquivos de Cabeçalho</Filter>
    </ClInclude>
    <ClInclude Include="ImGui\imstb_rectpack.h">
      <Filter>Arquivos de Cabeçalho</Filter>
    </ClInclude>
    <ClInclude Include="ImGui\imstb_textedit.h">
      <Filter>Arquivos de Cabeçalho</Filter>
    </ClInclude>
    <ClInclude Include="ImGui\imstb_truetype.h">
      <Filter>Arquivos de Cabeçalho</Filter>
    </ClInclude>
    <ClInclude Include="ImGui\GraphEditor.h">
      <Filter>Arquivos de Cabeçalho</Filter>
    </ClInclude>
    <ClInclude Include="ImGui\ImCurveEdit.h">
      <Filter>Arquivos de Cabeçalho</Filter>
    </ClInclude>
    <ClInclude Include="ImGui\ImGradient.h">
      <Filter>Arquivos de Cabeçalho</Filter>
    </ClInclude>
    <ClInclude Include="ImGui\ImGuizmo.h">
      <Filter>Arquivos de Cabeçalho</Filter>
    </ClInclude>
    <ClInclude Include="ImGui\ImSequencer.h">
      <Filter>Arquivos de Cabeçalho</Filter>
    </ClInclude>
    <ClInclude Include="ImGui\ImZoomSlider.h">
      <Filter>Arquivos de Cabeçalho</Filter>
    </ClInclude>
    <ClInclude Include="ECS\Components\HierarchyComponent.h">
      <Filter>Arquivos de Cabeçalho</Filter>
    </ClInclude>
    <ClInclude Include="Editor\Panels\IPanel.h">
      <Filter>Arquivos de Cabeçalho</Filter>
    </ClInclude>
    <ClInclude Include="Editor\Panels\Load.h">
      <Filter>Arquivos de Cabeçalho</Filter>
    </ClInclude>
    <ClInclude Include="ECS\Components\ScriptComponent.h">
      <Filter>Arquivos de Cabeçalho</Filter>
    </ClInclude>
    <ClInclude Include="Game\MoveScript.h">
      <Filter>Arquivos de Cabeçalho</Filter>
    </ClInclude>
    <ClInclude Include="Scene\GameScene.h">
      <Filter>Arquivos de Cabeçalho</Filter>
    </ClInclude>
    <ClInclude Include="ECS\Components\Tags\ForwardTag.h">
      <Filter>Arquivos de Cabeçalho</Filter>
    </ClInclude>
    <ClInclude Include="ECS\Components\Tags\TransparentTag.h">
      <Filter>Arquivos de Cabeçalho</Filter>
    </ClInclude>
    <ClInclude Include="PostProcessEffect.h">
      <Filter>Arquivos de Cabeçalho</Filter>
    </ClInclude>
    <ClInclude Include="Resources\Primitive.h">
      <Filter>Arquivos de Cabeçalho</Filter>
    </ClInclude>
    <ClInclude Include="ECS\Components\MeshFilter.h">
      <Filter>Arquivos de Cabeçalho</Filter>
    </ClInclude>
    <ClInclude Include="Graphics\Renderer\PipelineBlinnPhong\BlinnPhongRenderer.h">
      <Filter>Arquivos de Cabeçalho</Filter>
    </ClInclude>
    <ClInclude Include="Graphics\Renderer\PipelinePBR\PBRRenderer.h">
      <Filter>Arquivos de Cabeçalho</Filter>
    </ClInclude>
    <ClInclude Include="Graphics\Renderer\IRenderPipeline.h">
      <Filter>Arquivos de Cabeçalho</Filter>
    </ClInclude>
    <ClInclude Include="Resources\AssetManager.h">
      <Filter>Arquivos de Cabeçalho</Filter>
    </ClInclude>
    <ClInclude Include="Graphics\Renderer\RenderHelper.h">
      <Filter>Arquivos de Cabeçalho</Filter>
    </ClInclude>
    <ClInclude Include="Graphics\Renderer\PipelinePBR\IBLManager.h">
      <Filter>Arquivos de Cabeçalho</Filter>
    </ClInclude>
    <ClInclude Include="Graphics\Renderer\PipelinePBR\PBRShaders.h">
      <Filter>Arquivos de Cabeçalho</Filter>
    </ClInclude>
    <ClInclude Include="ECS\ScriptInspector.h">
      <Filter>Arquivos de Cabeçalho</Filter>
    </ClInclude>
    <ClInclude Include="Graphics\Renderer\PipelinePBR\PersistenceIBL.hpp">
      <Filter>Arquivos de Cabeçalho</Filter>
    </ClInclude>
    <ClInclude Include="Scripts\MyScript.h">
      <Filter>Arquivos de Cabeçalho</Filter>
    </ClInclude>
    <ClInclude Include="Engine\exec.h">
      <Filter>Arquivos de Cabeçalho</Filter>
    </ClInclude>
    <ClInclude Include="ECS\Components\AABBComponent.h">
      <Filter>Arquivos de Cabeçalho</Filter>
    </ClInclude>
    <ClInclude Include="ECS\Systems\BoundsSystem.h">
      <Filter>Arquivos de Cabeçalho</Filter>
    </ClInclude>
    <ClInclude Include="Utils\utilsAABB.h">
      <Filter>Arquivos de Cabeçalho</Filter>
    </ClInclude>
    <ClInclude Include="ECS\Systems\PhysicsSystem.h">
      <Filter>Arquivos de Cabeçalho</Filter>
    </ClInclude>
    <ClInclude Include="ECS\Systems\PickingSystem.h">
      <Filter>Arquivos de Cabeçalho</Filter>
    </ClInclude>
    <ClInclude Include="Utils\MathHelpers.h">
      <Filter>Arquivos de Cabeçalho</Filter>
    </ClInclude>
    <ClInclude Include="Scripts\ScriptABI.h">
      <Filter>Arquivos de Cabeçalho</Filter>
    </ClInclude>
    <ClInclude Include="Editor\Utils\ImGuiUtils.h">
      <Filter>Arquivos de Cabeçalho</Filter>
    </ClInclude>
    <ClInclude Include="Editor\Drawers\TransformDrawer.h">
      <Filter>Arquivos de Cabeçalho</Filter>
    </ClInclude>
    <ClInclude Include="Editor\Drawers\MeshRendererDrawer.h">
      <Filter>Arquivos de Cabeçalho</Filter>
    </ClInclude>
    <ClInclude Include="Editor\Drawers\CameraDrawer.h">
      <Filter>Arquivos de Cabeçalho</Filter>
    </ClInclude>
    <ClInclude Include="Editor\Drawers\LightDrawer.h">
      <Filter>Arquivos de Cabeçalho</Filter>
    </ClInclude>
    <ClInclude Include="Editor\Utils\InspectorMacros.h">
      <Filter>Arquivos de Cabeçalho</Filter>
    </ClInclude>
    <ClInclude Include="ECS\Reflection\Meta.h">
      <Filter>Arquivos de Cabeçalho</Filter>
    </ClInclude>
    <ClInclude Include="ECS\Reflection\Macros.h">
      <Filter>Arquivos de Cabeçalho</Filter>
    </ClInclude>
    <ClInclude Include="ECS\Reflection\Registry.h">
      <Filter>Arquivos de Cabeçalho</Filter>
    </ClInclude>
    <ClInclude Include="Editor\Utils\InspectorDrawer.h">
      <Filter>Arquivos de Cabeçalho</Filter>
    </ClInclude>
    <ClInclude Include="ImGui\Fonts\IconsFontAwesome5.h">
      <Filter>Arquivos de Cabeçalho</Filter>
    </ClInclude>
  </ItemGroup>
  <ItemGroup>
    <None Include="Resources\Shaders\PBR\background.fs">
      <Filter>Arquivos de Origem</Filter>
    </None>
    <None Include="Resources\Shaders\PBR\background.vs">
      <Filter>Arquivos de Origem</Filter>
    </None>
    <None Include="Resources\Shaders\PBR\cubemap.vs">
      <Filter>Arquivos de Origem</Filter>
    </None>
    <None Include="Resources\Shaders\PBR\IBL\equirectangular_to_cubemap.fs">
      <Filter>Arquivos de Origem</Filter>
    </None>
    <None Include="Resources\Shaders\Basic\Frag.fg">
      <Filter>Arquivos de Origem</Filter>
    </None>
    <None Include="Resources\Shaders\PBR\IBL\irradiance_convolution.fs">
      <Filter>Arquivos de Origem</Filter>
    </None>
    <None Include="Resources\Shaders\PBR\pbr.fs">
      <Filter>Arquivos de Origem</Filter>
    </None>
    <None Include="Resources\Shaders\PBR\pbr.vs">
      <Filter>Arquivos de Origem</Filter>
    </None>
    <None Include="Resources\Shaders\Basic\Vertex.vs">
      <Filter>Arquivos de Origem</Filter>
    </None>
    <None Include="Resources\Shaders\PBR\IBL\prefilter.fs" />
    <None Include="Resources\Shaders\PBR\IBL\brdf.vs" />
    <None Include="Resources\Shaders\PBR\IBL\brdf.fs" />
    <None Include="Resources\Shaders\CellShading\BaseColor.vs" />
    <None Include="Resources\Shaders\CellShading\BaseColor.fs" />
    <None Include="Resources\Shaders\Shadows\ShadowMapD.vs" />
    <None Include="Resources\Shaders\Shadows\ShadowMapD.fs" />
    <None Include="Resources\Shaders\BlinnPhong\BaseLighting.fs" />
    <None Include="Resources\Shaders\BlinnPhong\BaseLighting.vs" />
    <None Include="Resources\Shaders\Debug\FrameBufferQuad.vs" />
    <None Include="Resources\Shaders\Debug\FrameBufferQuad.fs" />
    <None Include="Resources\Shaders\Debug\debug_quad_depth.fs" />
    <None Include="Resources\Shaders\Shadows\ShadowMapP.vs" />
    <None Include="Resources\Shaders\Shadows\ShadowMapP.fs" />
    <None Include="Resources\Shaders\Shadows\ShadowMapP.gs" />
    <None Include="Resources\Shaders\Shadows\ShadowPointPCFold.fs" />
    <None Include="Resources\Shaders\Debug\debug_Cube_depth.fs" />
    <None Include="debug_Cube_depth.vs" />
    <None Include="Resources\Shaders\Basic\VertDefault.vs" />
    <None Include="Resources\Shaders\CellShading\fragment.fs" />
    <None Include="Resources\Shaders\Shadows\shadowPointPCF_oldComented.fs" />
    <None Include="Resources\Shaders\BlinnPhong\BaseShadow.fs" />
    <None Include="Resources\Shaders\BlinnPhong\BaseShadow.vs" />
    <None Include="Resources\Shaders\PostProcess\postprocess.vs" />
    <None Include="Resources\Shaders\PostProcess\postprocess.fs" />
    <None Include="Resources\Shaders\PostProcess\tonemap.fs" />
    <None Include="Resources\Shaders\PostProcess\post.vs" />
    <None Include="Resources\Shaders\PostProcess\post.fs" />
    <None Include="Resources\Shaders\PostProcess\BlackAndWhite.fs" />
    <None Include="Resources\Shaders\BlinnPhong\BaseLightingBAKP.fs" />
    <None Include="Backup\SSBO LIGHT\BaseLighting.fs" />
    <None Include="Resources\Shaders\DeferredShading\gBuffer.vs" />
    <None Include="Resources\Shaders\DeferredShading\gBuffer.fs" />
    <None Include="Resources\Shaders\DeferredShading\DeferredShading.vs" />
    <None Include="Resources\Shaders\DeferredShading\DeferredShading.fs" />
    <None Include="Resources\Shaders\DeferredShading\gBufferLegacy.vs" />
    <None Include="Resources\Shaders\DeferredShading\DeferredShadingBackup.fs" />
    <None Include="Resources\Shaders\DeferredShading\DeferredShadingBackup.vs" />
    <None Include="Resources\Shaders\DeferredShading\DeferredShadingSun.fs" />
    <None Include="Resources\Shaders\DeferredShading\DeferredShadingSun.vs" />
    <None Include="Resources\Shaders\PBR\skybox.vs" />
    <None Include="Resources\Shaders\PBR\skybox.fs" />
    <None Include="Resources\Shaders\PBR\DeferredShadingPBR\DeferredShading.fs" />
    <None Include="Resources\Shaders\PBR\DeferredShadingPBR\pbr_deferred_light_volume.vs" />
    <None Include="Resources\Shaders\PBR\DeferredShadingPBR\pbr_deferred_directional.fs" />
    <None Include="Resources\Shaders\PBR\DeferredShadingPBR\fullscreen.vs" />
    <None Include="Resources\Shaders\PBR\DeferredShadingPBR\pbr_gbuffer.fs" />
    <None Include="Resources\Shaders\PBR\DeferredShadingPBR\pbr_gbuffer.vs" />
    <None Include="Resources\Shaders\PBR\DeferredShadingPBR\pbr_ibl.fs" />
    <None Include="Resources\Shaders\PBR\DeferredShadingPBR\pbr_point.vs" />
    <None Include="Resources\Shaders\PBR\DeferredShadingPBR\pbr_deferred_point.fs" />
    <None Include="Resources\Shaders\PBR\IBL\cubemap.vs" />
    <None Include="Resources\Shaders\Utils\utils.glsl" />
    <None Include="Resources\Shaders\Utils\lighting.glsl" />
    <None Include="Resources\Shaders\Utils\vertex.glsl" />
  </ItemGroup>
  <ItemGroup>
    <Text Include="Editor\Styles\styles1.txt" />
    <Text Include="Editor\Styles\styles2.txt" />
    <Text Include="Editor\Styles\styles3.txt" />
    <Text Include="Editor\Styles\styles4.txt" />
    <Text Include="Editor\Styles\styles5.txt" />
    <Text Include="Editor\Styles\styles6.txt" />
    <Text Include="Editor\Styles\styles7.txt" />
  </ItemGroup>
</Project>