<?xml version="1.0" encoding="utf-8"?>
<Project ToolsVersion="4.0" xmlns="http://schemas.microsoft.com/developer/msbuild/2003">
  <ItemGroup>
    <Filter Include="Arquivos de Origem">
      <UniqueIdentifier>{4FC737F1-C7A5-4376-A066-2A32D752A2FF}</UniqueIdentifier>
      <Extensions>cpp;c;cc;cxx;c++;cppm;ixx;def;odl;idl;hpj;bat;asm;asmx</Extensions>
    </Filter>
    <Filter Include="Arquivos de Cabeçalho">
      <UniqueIdentifier>{93995380-89BD-4b04-88EB-625FBE52EBFB}</UniqueIdentifier>
      <Extensions>h;hh;hpp;hxx;h++;hm;inl;inc;ipp;xsd</Extensions>
    </Filter>
    <Filter Include="Arquivos de Recurso">
      <UniqueIdentifier>{67DA6AB6-F800-4c08-8B7A-83BB121AAD01}</UniqueIdentifier>
      <Extensions>rc;ico;cur;bmp;dlg;rc2;rct;bin;rgs;gif;jpg;jpeg;jpe;resx;tiff;tif;png;wav;mfcribbon-ms</Extensions>
    </Filter>
    <Filter Include="Arquivos de Origem\Setup">
      <UniqueIdentifier>{c6908358-4c41-45a3-98ed-faa0b2b40e6e}</UniqueIdentifier>
    </Filter>
  </ItemGroup>
  <ItemGroup>
    <ClCompile Include="glad.c">
      <Filter>Arquivos de Origem</Filter>
    </ClCompile>
    <ClCompile Include="Main.cpp">
      <Filter>Arquivos de Origem</Filter>
    </ClCompile>
    <ClCompile Include="Mesh.cpp">
      <Filter>Arquivos de Origem</Filter>
    </ClCompile>
    <ClCompile Include="stb.cpp">
      <Filter>Arquivos de Origem</Filter>
    </ClCompile>
    <ClCompile Include="Shader.cpp">
      <Filter>Arquivos de Origem</Filter>
    </ClCompile>
    <ClCompile Include="Texture.cpp">
      <Filter>Arquivos de Origem</Filter>
    </ClCompile>
    <ClCompile Include="Model.cpp">
      <Filter>Arquivos de Origem</Filter>
    </ClCompile>
    <ClCompile Include="IBLMapGenerator.cpp">
      <Filter>Arquivos de Origem</Filter>
    </ClCompile>
    <ClCompile Include="MainLegacyPBR.cpp">
      <Filter>Arquivos de Origem</Filter>
    </ClCompile>
    <ClCompile Include="SkyboxRenderer.cpp">
      <Filter>Arquivos de Origem</Filter>
    </ClCompile>
    <ClCompile Include="Lighting.cpp">
      <Filter>Arquivos de Origem</Filter>
    </ClCompile>
  </ItemGroup>
  <ItemGroup>
    <ClInclude Include="Camera.h">
      <Filter>Arquivos de Origem</Filter>
    </ClInclude>
    <ClInclude Include="Mesh.h">
      <Filter>Arquivos de Origem</Filter>
    </ClInclude>
    <ClInclude Include="Shader.h">
      <Filter>Arquivos de Origem</Filter>
    </ClInclude>
    <ClInclude Include="Texture.h">
      <Filter>Arquivos de Cabeçalho</Filter>
    </ClInclude>
    <ClInclude Include="Model.h">
      <Filter>Arquivos de Cabeçalho</Filter>
    </ClInclude>
    <ClInclude Include="IBLMapGenerator.h">
      <Filter>Arquivos de Cabeçalho</Filter>
    </ClInclude>
    <ClInclude Include="RenderUtils.h">
      <Filter>Arquivos de Cabeçalho</Filter>
    </ClInclude>
    <ClInclude Include="SkyboxRenderer.h">
      <Filter>Arquivos de Cabeçalho</Filter>
    </ClInclude>
    <ClInclude Include="Lighting.h">
      <Filter>Arquivos de Cabeçalho</Filter>
    </ClInclude>
  </ItemGroup>
  <ItemGroup>
    <None Include="Resources\Shaders\background.fs">
      <Filter>Arquivos de Origem</Filter>
    </None>
    <None Include="Resources\Shaders\background.vs">
      <Filter>Arquivos de Origem</Filter>
    </None>
    <None Include="Resources\Shaders\cubemap.vs">
      <Filter>Arquivos de Origem</Filter>
    </None>
    <None Include="Resources\Shaders\PBR\equirectangular_to_cubemap.fs">
      <Filter>Arquivos de Origem</Filter>
    </None>
    <None Include="Resources\Shaders\Basic\Frag.fg">
      <Filter>Arquivos de Origem</Filter>
    </None>
    <None Include="Resources\Shaders\PBR\irradiance_convolution.fs">
      <Filter>Arquivos de Origem</Filter>
    </None>
    <None Include="Resources\Shaders\PBR\pbr.fs">
      <Filter>Arquivos de Origem</Filter>
    </None>
    <None Include="Resources\Shaders\PBR\pbr.vs">
      <Filter>Arquivos de Origem</Filter>
    </None>
    <None Include="Resources\Shaders\Basic\Vertex.vs">
      <Filter>Arquivos de Origem</Filter>
    </None>
    <None Include="Resources\Shaders\PBR\prefilter.fs" />
    <None Include="Resources\Shaders\PBR\brdf.vs" />
    <None Include="Resources\Shaders\PBR\brdf.fs" />
    <None Include="Resources\Shaders\CellShading\BaseColor.vs" />
    <None Include="Resources\Shaders\CellShading\BaseColor.fs" />
    <None Include="Resources\Shaders\Shadows\ShadowMapD.vs" />
    <None Include="Resources\Shaders\Shadows\ShadowMapD.fs" />
    <None Include="Resources\Shaders\BlinnPhong\BaseShadow.fs" />
    <None Include="Resources\Shaders\BlinnPhong\BaseShadow.vs" />
    <None Include="Resources\Shaders\Debug\FrameBufferQuad.vs" />
    <None Include="Resources\Shaders\Debug\FrameBufferQuad.fs" />
    <None Include="Resources\Shaders\Debug\debug_quad_depth.fs" />
    <None Include="Resources\Shaders\Shadows\ShadowMapP.vs" />
    <None Include="Resources\Shaders\Shadows\ShadowMapP.fs" />
    <None Include="Resources\Shaders\Shadows\ShadowMapP.gs" />
    <None Include="Resources\Shaders\Shadows\ShadowPointPCFold.fs" />
    <None Include="Resources\Shaders\Debug\debug_Cube_depth.fs" />
    <None Include="debug_Cube_depth.vs" />
  </ItemGroup>
</Project>